<Solution>
  <Project Path="HassWebView.AndroidService/HassWebView.AndroidService.csproj" />
  <Project Path="HassWebView.Component/HassWebView.Component.csproj" />
  <Project Path="HassWebView.Core/HassWebView.Core.csproj" />
  <Project Path="HassWebView.Demo/HassWebView.Demo.csproj">
    <Deploy Solution="Debug|*" />
  </Project>
  <Project Path="HassWebView.DemoAndroid/HassWebView.DemoAndroid.csproj" Id="877605ec-e36d-48f9-85c3-f053bf7a2c05" />
  <Project Path="HassWebView.DemoComponent/HassWebView.DemoComponent.csproj" />
  <Project Path="HassWebView.HassApi/HassWebView.HassApi.csproj" Id="571bb076-d102-4909-8b0c-d68522d601b1" />
</Solution>